
Microsoft Visual Studio Solution File, Format Version 12.00
# Visual Studio Version 17
VisualStudioVersion = 17.11.35219.272
MinimumVisualStudioVersion = 10.0.40219.1
Project("{FAE04EC0-301F-11D3-BF4B-00C04F79EFBC}") = "18+ Mario Adventure", "18+ Mario Adventure.csproj", "{0E3A2031-E75A-42F1-B45C-652BCDB6A3DA}"
EndProject
Global
	GlobalSection(SolutionConfigurationPlatforms) = preSolution
		Debug|Any CPU = Debug|Any CPU
		Release|Any CPU = Release|Any CPU
	EndGlobalSection
	GlobalSection(ProjectConfigurationPlatforms) = postSolution
		{0E3A2031-E75A-42F1-B45C-652BCDB6A3DA}.Debug|Any CPU.ActiveCfg = Debug|Any CPU
		{0E3A2031-E75A-42F1-B45C-652BCDB6A3DA}.Debug|Any CPU.Build.0 = Debug|Any CPU
		{0E3A2031-E75A-42F1-B45C-652BCDB6A3DA}.Release|Any CPU.ActiveCfg = Release|Any CPU
		{0E3A2031-E75A-42F1-B45C-652BCDB6A3DA}.Release|Any CPU.Build.0 = Release|Any CPU
	EndGlobalSection
	GlobalSection(SolutionProperties) = preSolution
		HideSolutionNode = FALSE
	EndGlobalSection
	GlobalSection(ExtensibilityGlobals) = postSolution
		SolutionGuid = {EFD928A7-254F-4BB6-B44B-C3E09CFA9BDA}
	EndGlobalSection
EndGlobal
